// !$*UTF8*$!
{
	archiveVersion = 1;
	classes = {
	};
	objectVersion = 50;
	objects = {

/* Begin PBXBuildFile section */
		5A750B1D26C5C0B000459C26 /* Tests_iOS.swift in Sources */ = {isa = PBXBuildFile; fileRef = 5A750B1C26C5C0B000459C26 /* Tests_iOS.swift */; };
		5A750B2826C5C0B000459C26 /* Tests_macOS.swift in Sources */ = {isa = PBXBuildFile; fileRef = 5A750B2726C5C0B000459C26 /* Tests_macOS.swift */; };
		5A750B2A26C5C0B000459C26 /* ScrumdingerApp.swift in Sources */ = {isa = PBXBuildFile; fileRef = 5A750B0126C5C0AE00459C26 /* ScrumdingerApp.swift */; };
		5A750B2B26C5C0B000459C26 /* ScrumdingerApp.swift in Sources */ = {isa = PBXBuildFile; fileRef = 5A750B0126C5C0AE00459C26 /* ScrumdingerApp.swift */; };
		5A750B2C26C5C0B000459C26 /* MeetingView.swift in Sources */ = {isa = PBXBuildFile; fileRef = 5A750B0226C5C0AE00459C26 /* MeetingView.swift */; };
		5A750B2D26C5C0B000459C26 /* MeetingView.swift in Sources */ = {isa = PBXBuildFile; fileRef = 5A750B0226C5C0AE00459C26 /* MeetingView.swift */; };
		5A750B2E26C5C0B000459C26 /* Assets.xcassets in Resources */ = {isa = PBXBuildFile; fileRef = 5A750B0326C5C0B000459C26 /* Assets.xcassets */; };
		5A750B2F26C5C0B000459C26 /* Assets.xcassets in Resources */ = {isa = PBXBuildFile; fileRef = 5A750B0326C5C0B000459C26 /* Assets.xcassets */; };
		5AA88D9526C9B68600C1BD53 /* DailyScrum.swift in Sources */ = {isa = PBXBuildFile; fileRef = 5AA88D9426C9B68600C1BD53 /* DailyScrum.swift */; };
		5AA88D9626C9B68600C1BD53 /* DailyScrum.swift in Sources */ = {isa = PBXBuildFile; fileRef = 5AA88D9426C9B68600C1BD53 /* DailyScrum.swift */; };
		5AA88D9826C9B88E00C1BD53 /* CardView.swift in Sources */ = {isa = PBXBuildFile; fileRef = 5AA88D9726C9B88E00C1BD53 /* CardView.swift */; };
		5AA88D9926C9B88E00C1BD53 /* CardView.swift in Sources */ = {isa = PBXBuildFile; fileRef = 5AA88D9726C9B88E00C1BD53 /* CardView.swift */; };
		5AA88D9C26C9C1FD00C1BD53 /* ScrumsView.swift in Sources */ = {isa = PBXBuildFile; fileRef = 5AA88D9B26C9C1FD00C1BD53 /* ScrumsView.swift */; };
		5AA88D9D26C9C1FD00C1BD53 /* ScrumsView.swift in Sources */ = {isa = PBXBuildFile; fileRef = 5AA88D9B26C9C1FD00C1BD53 /* ScrumsView.swift */; };
		5AA88D9F26C9C48300C1BD53 /* Color+Codable.swift in Sources */ = {isa = PBXBuildFile; fileRef = 5AA88D9E26C9C48300C1BD53 /* Color+Codable.swift */; };
		5AA88DA026C9C48300C1BD53 /* Color+Codable.swift in Sources */ = {isa = PBXBuildFile; fileRef = 5AA88D9E26C9C48300C1BD53 /* Color+Codable.swift */; };
/* End PBXBuildFile section */

/* Begin PBXContainerItemProxy section */
		5A750B1926C5C0B000459C26 /* PBXContainerItemProxy */ = {
			isa = PBXContainerItemProxy;
			containerPortal = 5A750AFC26C5C0AE00459C26 /* Project object */;
			proxyType = 1;
			remoteGlobalIDString = 5A750B0726C5C0B000459C26;
			remoteInfo = "Scrumdinger (iOS)";
		};
		5A750B2426C5C0B000459C26 /* PBXContainerItemProxy */ = {
			isa = PBXContainerItemProxy;
			containerPortal = 5A750AFC26C5C0AE00459C26 /* Project object */;
			proxyType = 1;
			remoteGlobalIDString = 5A750B0F26C5C0B000459C26;
			remoteInfo = "Scrumdinger (macOS)";
		};
/* End PBXContainerItemProxy section */

/* Begin PBXFileReference section */
		5A750B0126C5C0AE00459C26 /* ScrumdingerApp.swift */ = {isa = PBXFileReference; lastKnownFileType = sourcecode.swift; path = ScrumdingerApp.swift; sourceTree = "<group>"; };
		5A750B0226C5C0AE00459C26 /* MeetingView.swift */ = {isa = PBXFileReference; lastKnownFileType = sourcecode.swift; path = MeetingView.swift; sourceTree = "<group>"; };
		5A750B0326C5C0B000459C26 /* Assets.xcassets */ = {isa = PBXFileReference; lastKnownFileType = folder.assetcatalog; path = Assets.xcassets; sourceTree = "<group>"; };
		5A750B0826C5C0B000459C26 /* Scrumdinger.app */ = {isa = PBXFileReference; explicitFileType = wrapper.application; includeInIndex = 0; path = Scrumdinger.app; sourceTree = BUILT_PRODUCTS_DIR; };
		5A750B0B26C5C0B000459C26 /* Info.plist */ = {isa = PBXFileReference; lastKnownFileType = text.plist.xml; path = Info.plist; sourceTree = "<group>"; };
		5A750B1026C5C0B000459C26 /* Scrumdinger.app */ = {isa = PBXFileReference; explicitFileType = wrapper.application; includeInIndex = 0; path = Scrumdinger.app; sourceTree = BUILT_PRODUCTS_DIR; };
		5A750B1226C5C0B000459C26 /* Info.plist */ = {isa = PBXFileReference; lastKnownFileType = text.plist.xml; path = Info.plist; sourceTree = "<group>"; };
		5A750B1326C5C0B000459C26 /* macOS.entitlements */ = {isa = PBXFileReference; lastKnownFileType = text.plist.entitlements; path = macOS.entitlements; sourceTree = "<group>"; };
		5A750B1826C5C0B000459C26 /* Tests iOS.xctest */ = {isa = PBXFileReference; explicitFileType = wrapper.cfbundle; includeInIndex = 0; path = "Tests iOS.xctest"; sourceTree = BUILT_PRODUCTS_DIR; };
		5A750B1C26C5C0B000459C26 /* Tests_iOS.swift */ = {isa = PBXFileReference; lastKnownFileType = sourcecode.swift; path = Tests_iOS.swift; sourceTree = "<group>"; };
		5A750B1E26C5C0B000459C26 /* Info.plist */ = {isa = PBXFileReference; lastKnownFileType = text.plist.xml; path = Info.plist; sourceTree = "<group>"; };
		5A750B2326C5C0B000459C26 /* Tests macOS.xctest */ = {isa = PBXFileReference; explicitFileType = wrapper.cfbundle; includeInIndex = 0; path = "Tests macOS.xctest"; sourceTree = BUILT_PRODUCTS_DIR; };
		5A750B2726C5C0B000459C26 /* Tests_macOS.swift */ = {isa = PBXFileReference; lastKnownFileType = sourcecode.swift; path = Tests_macOS.swift; sourceTree = "<group>"; };
		5A750B2926C5C0B000459C26 /* Info.plist */ = {isa = PBXFileReference; lastKnownFileType = text.plist.xml; path = Info.plist; sourceTree = "<group>"; };
		5AA88D9426C9B68600C1BD53 /* DailyScrum.swift */ = {isa = PBXFileReference; lastKnownFileType = sourcecode.swift; path = DailyScrum.swift; sourceTree = "<group>"; };
		5AA88D9726C9B88E00C1BD53 /* CardView.swift */ = {isa = PBXFileReference; lastKnownFileType = sourcecode.swift; path = CardView.swift; sourceTree = "<group>"; };
		5AA88D9B26C9C1FD00C1BD53 /* ScrumsView.swift */ = {isa = PBXFileReference; lastKnownFileType = sourcecode.swift; path = ScrumsView.swift; sourceTree = "<group>"; };
		5AA88D9E26C9C48300C1BD53 /* Color+Codable.swift */ = {isa = PBXFileReference; lastKnownFileType = sourcecode.swift; path = "Color+Codable.swift"; sourceTree = "<group>"; };
/* End PBXFileReference section */

/* Begin PBXFrameworksBuildPhase section */
		5A750B0526C5C0B000459C26 /* Frameworks */ = {
			isa = PBXFrameworksBuildPhase;
			buildActionMask = 2147483647;
			files = (
			);
			runOnlyForDeploymentPostprocessing = 0;
		};
		5A750B0D26C5C0B000459C26 /* Frameworks */ = {
			isa = PBXFrameworksBuildPhase;
			buildActionMask = 2147483647;
			files = (
			);
			runOnlyForDeploymentPostprocessing = 0;
		};
		5A750B1526C5C0B000459C26 /* Frameworks */ = {
			isa = PBXFrameworksBuildPhase;
			buildActionMask = 2147483647;
			files = (
			);
			runOnlyForDeploymentPostprocessing = 0;
		};
		5A750B2026C5C0B000459C26 /* Frameworks */ = {
			isa = PBXFrameworksBuildPhase;
			buildActionMask = 2147483647;
			files = (
			);
			runOnlyForDeploymentPostprocessing = 0;
		};
/* End PBXFrameworksBuildPhase section */

/* Begin PBXGroup section */
		5A750AFB26C5C0AE00459C26 = {
			isa = PBXGroup;
			children = (
				5A750B0026C5C0AE00459C26 /* Shared */,
				5A750B0A26C5C0B000459C26 /* iOS */,
				5A750B1126C5C0B000459C26 /* macOS */,
				5A750B1B26C5C0B000459C26 /* Tests iOS */,
				5A750B2626C5C0B000459C26 /* Tests macOS */,
				5A750B0926C5C0B000459C26 /* Products */,
			);
			sourceTree = "<group>";
		};
		5A750B0026C5C0AE00459C26 /* Shared */ = {
			isa = PBXGroup;
			children = (
				5AA88D9326C9B66300C1BD53 /* Models */,
				5A750B0126C5C0AE00459C26 /* ScrumdingerApp.swift */,
				5A750B0226C5C0AE00459C26 /* MeetingView.swift */,
				5A750B0326C5C0B000459C26 /* Assets.xcassets */,
				5AA88D9726C9B88E00C1BD53 /* CardView.swift */,
				5AA88D9B26C9C1FD00C1BD53 /* ScrumsView.swift */,
			);
			path = Shared;
			sourceTree = "<group>";
		};
		5A750B0926C5C0B000459C26 /* Products */ = {
			isa = PBXGroup;
			children = (
				5A750B0826C5C0B000459C26 /* Scrumdinger.app */,
				5A750B1026C5C0B000459C26 /* Scrumdinger.app */,
				5A750B1826C5C0B000459C26 /* Tests iOS.xctest */,
				5A750B2326C5C0B000459C26 /* Tests macOS.xctest */,
			);
			name = Products;
			sourceTree = "<group>";
		};
		5A750B0A26C5C0B000459C26 /* iOS */ = {
			isa = PBXGroup;
			children = (
				5A750B0B26C5C0B000459C26 /* Info.plist */,
			);
			path = iOS;
			sourceTree = "<group>";
		};
		5A750B1126C5C0B000459C26 /* macOS */ = {
			isa = PBXGroup;
			children = (
				5A750B1226C5C0B000459C26 /* Info.plist */,
				5A750B1326C5C0B000459C26 /* macOS.entitlements */,
			);
			path = macOS;
			sourceTree = "<group>";
		};
		5A750B1B26C5C0B000459C26 /* Tests iOS */ = {
			isa = PBXGroup;
			children = (
				5A750B1C26C5C0B000459C26 /* Tests_iOS.swift */,
				5A750B1E26C5C0B000459C26 /* Info.plist */,
			);
			path = "Tests iOS";
			sourceTree = "<group>";
		};
		5A750B2626C5C0B000459C26 /* Tests macOS */ = {
			isa = PBXGroup;
			children = (
				5A750B2726C5C0B000459C26 /* Tests_macOS.swift */,
				5A750B2926C5C0B000459C26 /* Info.plist */,
			);
			path = "Tests macOS";
			sourceTree = "<group>";
		};
		5AA88D9326C9B66300C1BD53 /* Models */ = {
			isa = PBXGroup;
			children = (
				5AA88D9426C9B68600C1BD53 /* DailyScrum.swift */,
				5AA88D9E26C9C48300C1BD53 /* Color+Codable.swift */,
			);
			path = Models;
			sourceTree = "<group>";
		};
/* End PBXGroup section */

/* Begin PBXNativeTarget section */
		5A750B0726C5C0B000459C26 /* Scrumdinger (iOS) */ = {
			isa = PBXNativeTarget;
			buildConfigurationList = 5A750B3226C5C0B000459C26 /* Build configuration list for PBXNativeTarget "Scrumdinger (iOS)" */;
			buildPhases = (
				5A750B0426C5C0B000459C26 /* Sources */,
				5A750B0526C5C0B000459C26 /* Frameworks */,
				5A750B0626C5C0B000459C26 /* Resources */,
			);
			buildRules = (
			);
			dependencies = (
			);
			name = "Scrumdinger (iOS)";
			productName = "Scrumdinger (iOS)";
			productReference = 5A750B0826C5C0B000459C26 /* Scrumdinger.app */;
			productType = "com.apple.product-type.application";
		};
		5A750B0F26C5C0B000459C26 /* Scrumdinger (macOS) */ = {
			isa = PBXNativeTarget;
			buildConfigurationList = 5A750B3526C5C0B000459C26 /* Build configuration list for PBXNativeTarget "Scrumdinger (macOS)" */;
			buildPhases = (
				5A750B0C26C5C0B000459C26 /* Sources */,
				5A750B0D26C5C0B000459C26 /* Frameworks */,
				5A750B0E26C5C0B000459C26 /* Resources */,
			);
			buildRules = (
			);
			dependencies = (
			);
			name = "Scrumdinger (macOS)";
			productName = "Scrumdinger (macOS)";
			productReference = 5A750B1026C5C0B000459C26 /* Scrumdinger.app */;
			productType = "com.apple.product-type.application";
		};
		5A750B1726C5C0B000459C26 /* Tests iOS */ = {
			isa = PBXNativeTarget;
			buildConfigurationList = 5A750B3826C5C0B000459C26 /* Build configuration list for PBXNativeTarget "Tests iOS" */;
			buildPhases = (
				5A750B1426C5C0B000459C26 /* Sources */,
				5A750B1526C5C0B000459C26 /* Frameworks */,
				5A750B1626C5C0B000459C26 /* Resources */,
			);
			buildRules = (
			);
			dependencies = (
				5A750B1A26C5C0B000459C26 /* PBXTargetDependency */,
			);
			name = "Tests iOS";
			productName = "Tests iOS";
			productReference = 5A750B1826C5C0B000459C26 /* Tests iOS.xctest */;
			productType = "com.apple.product-type.bundle.ui-testing";
		};
		5A750B2226C5C0B000459C26 /* Tests macOS */ = {
			isa = PBXNativeTarget;
			buildConfigurationList = 5A750B3B26C5C0B000459C26 /* Build configuration list for PBXNativeTarget "Tests macOS" */;
			buildPhases = (
				5A750B1F26C5C0B000459C26 /* Sources */,
				5A750B2026C5C0B000459C26 /* Frameworks */,
				5A750B2126C5C0B000459C26 /* Resources */,
			);
			buildRules = (
			);
			dependencies = (
				5A750B2526C5C0B000459C26 /* PBXTargetDependency */,
			);
			name = "Tests macOS";
			productName = "Tests macOS";
			productReference = 5A750B2326C5C0B000459C26 /* Tests macOS.xctest */;
			productType = "com.apple.product-type.bundle.ui-testing";
		};
/* End PBXNativeTarget section */

/* Begin PBXProject section */
		5A750AFC26C5C0AE00459C26 /* Project object */ = {
			isa = PBXProject;
			attributes = {
				LastSwiftUpdateCheck = 1250;
				LastUpgradeCheck = 1250;
				TargetAttributes = {
					5A750B0726C5C0B000459C26 = {
						CreatedOnToolsVersion = 12.5.1;
					};
					5A750B0F26C5C0B000459C26 = {
						CreatedOnToolsVersion = 12.5.1;
					};
					5A750B1726C5C0B000459C26 = {
						CreatedOnToolsVersion = 12.5.1;
						TestTargetID = 5A750B0726C5C0B000459C26;
					};
					5A750B2226C5C0B000459C26 = {
						CreatedOnToolsVersion = 12.5.1;
						TestTargetID = 5A750B0F26C5C0B000459C26;
					};
				};
			};
			buildConfigurationList = 5A750AFF26C5C0AE00459C26 /* Build configuration list for PBXProject "Scrumdinger" */;
			compatibilityVersion = "Xcode 9.3";
			developmentRegion = en;
			hasScannedForEncodings = 0;
			knownRegions = (
				en,
				Base,
			);
			mainGroup = 5A750AFB26C5C0AE00459C26;
			productRefGroup = 5A750B0926C5C0B000459C26 /* Products */;
			projectDirPath = "";
			projectRoot = "";
			targets = (
				5A750B0726C5C0B000459C26 /* Scrumdinger (iOS) */,
				5A750B0F26C5C0B000459C26 /* Scrumdinger (macOS) */,
				5A750B1726C5C0B000459C26 /* Tests iOS */,
				5A750B2226C5C0B000459C26 /* Tests macOS */,
			);
		};
/* End PBXProject section */

/* Begin PBXResourcesBuildPhase section */
		5A750B0626C5C0B000459C26 /* Resources */ = {
			isa = PBXResourcesBuildPhase;
			buildActionMask = 2147483647;
			files = (
				5A750B2E26C5C0B000459C26 /* Assets.xcassets in Resources */,
			);
			runOnlyForDeploymentPostprocessing = 0;
		};
		5A750B0E26C5C0B000459C26 /* Resources */ = {
			isa = PBXResourcesBuildPhase;
			buildActionMask = 2147483647;
			files = (
				5A750B2F26C5C0B000459C26 /* Assets.xcassets in Resources */,
			);
			runOnlyForDeploymentPostprocessing = 0;
		};
		5A750B1626C5C0B000459C26 /* Resources */ = {
			isa = PBXResourcesBuildPhase;
			buildActionMask = 2147483647;
			files = (
			);
			runOnlyForDeploymentPostprocessing = 0;
		};
		5A750B2126C5C0B000459C26 /* Resources */ = {
			isa = PBXResourcesBuildPhase;
			buildActionMask = 2147483647;
			files = (
			);
			runOnlyForDeploymentPostprocessing = 0;
		};
/* End PBXResourcesBuildPhase section */

/* Begin PBXSourcesBuildPhase section */
		5A750B0426C5C0B000459C26 /* Sources */ = {
			isa = PBXSourcesBuildPhase;
			buildActionMask = 2147483647;
			files = (
				5A750B2C26C5C0B000459C26 /* MeetingView.swift in Sources */,
				5AA88D9526C9B68600C1BD53 /* DailyScrum.swift in Sources */,
				5AA88D9826C9B88E00C1BD53 /* CardView.swift in Sources */,
				5AA88D9C26C9C1FD00C1BD53 /* ScrumsView.swift in Sources */,
				5AA88D9F26C9C48300C1BD53 /* Color+Codable.swift in Sources */,
				5A750B2A26C5C0B000459C26 /* ScrumdingerApp.swift in Sources */,
			);
			runOnlyForDeploymentPostprocessing = 0;
		};
		5A750B0C26C5C0B000459C26 /* Sources */ = {
			isa = PBXSourcesBuildPhase;
			buildActionMask = 2147483647;
			files = (
				5A750B2D26C5C0B000459C26 /* MeetingView.swift in Sources */,
				5AA88D9626C9B68600C1BD53 /* DailyScrum.swift in Sources */,
				5AA88D9926C9B88E00C1BD53 /* CardView.swift in Sources */,
				5AA88D9D26C9C1FD00C1BD53 /* ScrumsView.swift in Sources */,
				5AA88DA026C9C48300C1BD53 /* Color+Codable.swift in Sources */,
				5A750B2B26C5C0B000459C26 /* ScrumdingerApp.swift in Sources */,
			);
			runOnlyForDeploymentPostprocessing = 0;
		};
		5A750B1426C5C0B000459C26 /* Sources */ = {
			isa = PBXSourcesBuildPhase;
			buildActionMask = 2147483647;
			files = (
				5A750B1D26C5C0B000459C26 /* Tests_iOS.swift in Sources */,
			);
			runOnlyForDeploymentPostprocessing = 0;
		};
		5A750B1F26C5C0B000459C26 /* Sources */ = {
			isa = PBXSourcesBuildPhase;
			buildActionMask = 2147483647;
			files = (
				5A750B2826C5C0B000459C26 /* Tests_macOS.swift in Sources */,
			);
			runOnlyForDeploymentPostprocessing = 0;
		};
/* End PBXSourcesBuildPhase section */

/* Begin PBXTargetDependency section */
		5A750B1A26C5C0B000459C26 /* PBXTargetDependency */ = {
			isa = PBXTargetDependency;
			target = 5A750B0726C5C0B000459C26 /* Scrumdinger (iOS) */;
			targetProxy = 5A750B1926C5C0B000459C26 /* PBXContainerItemProxy */;
		};
		5A750B2526C5C0B000459C26 /* PBXTargetDependency */ = {
			isa = PBXTargetDependency;
			target = 5A750B0F26C5C0B000459C26 /* Scrumdinger (macOS) */;
			targetProxy = 5A750B2426C5C0B000459C26 /* PBXContainerItemProxy */;
		};
/* End PBXTargetDependency section */

/* Begin XCBuildConfiguration section */
		5A750B3026C5C0B000459C26 /* Debug */ = {
			isa = XCBuildConfiguration;
			buildSettings = {
				ALWAYS_SEARCH_USER_PATHS = NO;
				CLANG_ANALYZER_NONNULL = YES;
				CLANG_ANALYZER_NUMBER_OBJECT_CONVERSION = YES_AGGRESSIVE;
				CLANG_CXX_LANGUAGE_STANDARD = "gnu++14";
				CLANG_CXX_LIBRARY = "libc++";
				CLANG_ENABLE_MODULES = YES;
				CLANG_ENABLE_OBJC_ARC = YES;
				CLANG_ENABLE_OBJC_WEAK = YES;
				CLANG_WARN_BLOCK_CAPTURE_AUTORELEASING = YES;
				CLANG_WARN_BOOL_CONVERSION = YES;
				CLANG_WARN_COMMA = YES;
				CLANG_WARN_CONSTANT_CONVERSION = YES;
				CLANG_WARN_DEPRECATED_OBJC_IMPLEMENTATIONS = YES;
				CLANG_WARN_DIRECT_OBJC_ISA_USAGE = YES_ERROR;
				CLANG_WARN_DOCUMENTATION_COMMENTS = YES;
				CLANG_WARN_EMPTY_BODY = YES;
				CLANG_WARN_ENUM_CONVERSION = YES;
				CLANG_WARN_INFINITE_RECURSION = YES;
				CLANG_WARN_INT_CONVERSION = YES;
				CLANG_WARN_NON_LITERAL_NULL_CONVERSION = YES;
				CLANG_WARN_OBJC_IMPLICIT_RETAIN_SELF = YES;
				CLANG_WARN_OBJC_LITERAL_CONVERSION = YES;
				CLANG_WARN_OBJC_ROOT_CLASS = YES_ERROR;
				CLANG_WARN_QUOTED_INCLUDE_IN_FRAMEWORK_HEADER = YES;
				CLANG_WARN_RANGE_LOOP_ANALYSIS = YES;
				CLANG_WARN_STRICT_PROTOTYPES = YES;
				CLANG_WARN_SUSPICIOUS_MOVE = YES;
				CLANG_WARN_UNGUARDED_AVAILABILITY = YES_AGGRESSIVE;
				CLANG_WARN_UNREACHABLE_CODE = YES;
				CLANG_WARN__DUPLICATE_METHOD_MATCH = YES;
				COPY_PHASE_STRIP = NO;
				DEBUG_INFORMATION_FORMAT = dwarf;
				ENABLE_STRICT_OBJC_MSGSEND = YES;
				ENABLE_TESTABILITY = YES;
				GCC_C_LANGUAGE_STANDARD = gnu11;
				GCC_DYNAMIC_NO_PIC = NO;
				GCC_NO_COMMON_BLOCKS = YES;
				GCC_OPTIMIZATION_LEVEL = 0;
				GCC_PREPROCESSOR_DEFINITIONS = (
					"DEBUG=1",
					"$(inherited)",
				);
				GCC_WARN_64_TO_32_BIT_CONVERSION = YES;
				GCC_WARN_ABOUT_RETURN_TYPE = YES_ERROR;
				GCC_WARN_UNDECLARED_SELECTOR = YES;
				GCC_WARN_UNINITIALIZED_AUTOS = YES_AGGRESSIVE;
				GCC_WARN_UNUSED_FUNCTION = YES;
				GCC_WARN_UNUSED_VARIABLE = YES;
				MTL_ENABLE_DEBUG_INFO = INCLUDE_SOURCE;
				MTL_FAST_MATH = YES;
				ONLY_ACTIVE_ARCH = YES;
				SWIFT_ACTIVE_COMPILATION_CONDITIONS = DEBUG;
				SWIFT_OPTIMIZATION_LEVEL = "-Onone";
			};
			name = Debug;
		};
		5A750B3126C5C0B000459C26 /* Release */ = {
			isa = XCBuildConfiguration;
			buildSettings = {
				ALWAYS_SEARCH_USER_PATHS = NO;
				CLANG_ANALYZER_NONNULL = YES;
				CLANG_ANALYZER_NUMBER_OBJECT_CONVERSION = YES_AGGRESSIVE;
				CLANG_CXX_LANGUAGE_STANDARD = "gnu++14";
				CLANG_CXX_LIBRARY = "libc++";
				CLANG_ENABLE_MODULES = YES;
				CLANG_ENABLE_OBJC_ARC = YES;
				CLANG_ENABLE_OBJC_WEAK = YES;
				CLANG_WARN_BLOCK_CAPTURE_AUTORELEASING = YES;
				CLANG_WARN_BOOL_CONVERSION = YES;
				CLANG_WARN_COMMA = YES;
				CLANG_WARN_CONSTANT_CONVERSION = YES;
				CLANG_WARN_DEPRECATED_OBJC_IMPLEMENTATIONS = YES;
				CLANG_WARN_DIRECT_OBJC_ISA_USAGE = YES_ERROR;
				CLANG_WARN_DOCUMENTATION_COMMENTS = YES;
				CLANG_WARN_EMPTY_BODY = YES;
				CLANG_WARN_ENUM_CONVERSION = YES;
				CLANG_WARN_INFINITE_RECURSION = YES;
				CLANG_WARN_INT_CONVERSION = YES;
				CLANG_WARN_NON_LITERAL_NULL_CONVERSION = YES;
				CLANG_WARN_OBJC_IMPLICIT_RETAIN_SELF = YES;
				CLANG_WARN_OBJC_LITERAL_CONVERSION = YES;
				CLANG_WARN_OBJC_ROOT_CLASS = YES_ERROR;
				CLANG_WARN_QUOTED_INCLUDE_IN_FRAMEWORK_HEADER = YES;
				CLANG_WARN_RANGE_LOOP_ANALYSIS = YES;
				CLANG_WARN_STRICT_PROTOTYPES = YES;
				CLANG_WARN_SUSPICIOUS_MOVE = YES;
				CLANG_WARN_UNGUARDED_AVAILABILITY = YES_AGGRESSIVE;
				CLANG_WARN_UNREACHABLE_CODE = YES;
				CLANG_WARN__DUPLICATE_METHOD_MATCH = YES;
				COPY_PHASE_STRIP = NO;
				DEBUG_INFORMATION_FORMAT = "dwarf-with-dsym";
				ENABLE_NS_ASSERTIONS = NO;
				ENABLE_STRICT_OBJC_MSGSEND = YES;
				GCC_C_LANGUAGE_STANDARD = gnu11;
				GCC_NO_COMMON_BLOCKS = YES;
				GCC_WARN_64_TO_32_BIT_CONVERSION = YES;
				GCC_WARN_ABOUT_RETURN_TYPE = YES_ERROR;
				GCC_WARN_UNDECLARED_SELECTOR = YES;
				GCC_WARN_UNINITIALIZED_AUTOS = YES_AGGRESSIVE;
				GCC_WARN_UNUSED_FUNCTION = YES;
				GCC_WARN_UNUSED_VARIABLE = YES;
				MTL_ENABLE_DEBUG_INFO = NO;
				MTL_FAST_MATH = YES;
				SWIFT_COMPILATION_MODE = wholemodule;
				SWIFT_OPTIMIZATION_LEVEL = "-O";
			};
			name = Release;
		};
		5A750B3326C5C0B000459C26 /* Debug */ = {
			isa = XCBuildConfiguration;
			buildSettings = {
				ASSETCATALOG_COMPILER_APPICON_NAME = AppIcon;
				ASSETCATALOG_COMPILER_GLOBAL_ACCENT_COLOR_NAME = AccentColor;
				CODE_SIGN_STYLE = Automatic;
				DEVELOPMENT_TEAM = UL88VS2PY7;
				ENABLE_PREVIEWS = YES;
				INFOPLIST_FILE = iOS/Info.plist;
				IPHONEOS_DEPLOYMENT_TARGET = 14.0;
				LD_RUNPATH_SEARCH_PATHS = (
					"$(inherited)",
					"@executable_path/Frameworks",
				);
				PRODUCT_BUNDLE_IDENTIFIER = ke.microserve.Scrumdinger;
				PRODUCT_NAME = Scrumdinger;
				SDKROOT = iphoneos;
				SWIFT_VERSION = 5.0;
				TARGETED_DEVICE_FAMILY = "1,2";
			};
			name = Debug;
		};
		5A750B3426C5C0B000459C26 /* Release */ = {
			isa = XCBuildConfiguration;
			buildSettings = {
				ASSETCATALOG_COMPILER_APPICON_NAME = AppIcon;
				ASSETCATALOG_COMPILER_GLOBAL_ACCENT_COLOR_NAME = AccentColor;
				CODE_SIGN_STYLE = Automatic;
				DEVELOPMENT_TEAM = UL88VS2PY7;
				ENABLE_PREVIEWS = YES;
				INFOPLIST_FILE = iOS/Info.plist;
				IPHONEOS_DEPLOYMENT_TARGET = 14.0;
				LD_RUNPATH_SEARCH_PATHS = (
					"$(inherited)",
					"@executable_path/Frameworks",
				);
				PRODUCT_BUNDLE_IDENTIFIER = ke.microserve.Scrumdinger;
				PRODUCT_NAME = Scrumdinger;
				SDKROOT = iphoneos;
				SWIFT_VERSION = 5.0;
				TARGETED_DEVICE_FAMILY = "1,2";
				VALIDATE_PRODUCT = YES;
			};
			name = Release;
		};
		5A750B3626C5C0B000459C26 /* Debug */ = {
			isa = XCBuildConfiguration;
			buildSettings = {
				ASSETCATALOG_COMPILER_APPICON_NAME = AppIcon;
				ASSETCATALOG_COMPILER_GLOBAL_ACCENT_COLOR_NAME = AccentColor;
				CODE_SIGN_ENTITLEMENTS = macOS/macOS.entitlements;
				CODE_SIGN_STYLE = Automatic;
				COMBINE_HIDPI_IMAGES = YES;
				ENABLE_PREVIEWS = YES;
				INFOPLIST_FILE = macOS/Info.plist;
				LD_RUNPATH_SEARCH_PATHS = (
					"$(inherited)",
					"@executable_path/../Frameworks",
				);
				MACOSX_DEPLOYMENT_TARGET = 11.0;
				PRODUCT_BUNDLE_IDENTIFIER = com.test.Scrumdinger;
				PRODUCT_NAME = Scrumdinger;
				SDKROOT = macosx;
				SWIFT_VERSION = 5.0;
			};
			name = Debug;
		};
		5A750B3726C5C0B000459C26 /* Release */ = {
			isa = XCBuildConfiguration;
			buildSettings = {
				ASSETCATALOG_COMPILER_APPICON_NAME = AppIcon;
				ASSETCATALOG_COMPILER_GLOBAL_ACCENT_COLOR_NAME = AccentColor;
				CODE_SIGN_ENTITLEMENTS = macOS/macOS.entitlements;
				CODE_SIGN_STYLE = Automatic;
				COMBINE_HIDPI_IMAGES = YES;
				ENABLE_PREVIEWS = YES;
				INFOPLIST_FILE = macOS/Info.plist;
				LD_RUNPATH_SEARCH_PATHS = (
					"$(inherited)",
					"@executable_path/../Frameworks",
				);
				MACOSX_DEPLOYMENT_TARGET = 11.0;
				PRODUCT_BUNDLE_IDENTIFIER = com.test.Scrumdinger;
				PRODUCT_NAME = Scrumdinger;
				SDKROOT = macosx;
				SWIFT_VERSION = 5.0;
			};
			name = Release;
		};
		5A750B3926C5C0B000459C26 /* Debug */ = {
			isa = XCBuildConfiguration;
			buildSettings = {
				ALWAYS_EMBED_SWIFT_STANDARD_LIBRARIES = YES;
				CODE_SIGN_STYLE = Automatic;
				INFOPLIST_FILE = "Tests iOS/Info.plist";
				IPHONEOS_DEPLOYMENT_TARGET = 14.5;
				LD_RUNPATH_SEARCH_PATHS = (
					"$(inherited)",
					"@executable_path/Frameworks",
					"@loader_path/Frameworks",
				);
				PRODUCT_BUNDLE_IDENTIFIER = "com.test.Tests-iOS";
				PRODUCT_NAME = "$(TARGET_NAME)";
				SDKROOT = iphoneos;
				SWIFT_VERSION = 5.0;
				TARGETED_DEVICE_FAMILY = "1,2";
				TEST_TARGET_NAME = "Scrumdinger (iOS)";
			};
			name = Debug;
		};
		5A750B3A26C5C0B000459C26 /* Release */ = {
			isa = XCBuildConfiguration;
			buildSettings = {
				ALWAYS_EMBED_SWIFT_STANDARD_LIBRARIES = YES;
				CODE_SIGN_STYLE = Automatic;
				INFOPLIST_FILE = "Tests iOS/Info.plist";
				IPHONEOS_DEPLOYMENT_TARGET = 14.5;
				LD_RUNPATH_SEARCH_PATHS = (
					"$(inherited)",
					"@executable_path/Frameworks",
					"@loader_path/Frameworks",
				);
				PRODUCT_BUNDLE_IDENTIFIER = "com.test.Tests-iOS";
				PRODUCT_NAME = "$(TARGET_NAME)";
				SDKROOT = iphoneos;
				SWIFT_VERSION = 5.0;
				TARGETED_DEVICE_FAMILY = "1,2";
				TEST_TARGET_NAME = "Scrumdinger (iOS)";
				VALIDATE_PRODUCT = YES;
			};
			name = Release;
		};
		5A750B3C26C5C0B000459C26 /* Debug */ = {
			isa = XCBuildConfiguration;
			buildSettings = {
				ALWAYS_EMBED_SWIFT_STANDARD_LIBRARIES = YES;
				CODE_SIGN_STYLE = Automatic;
				COMBINE_HIDPI_IMAGES = YES;
				INFOPLIST_FILE = "Tests macOS/Info.plist";
				LD_RUNPATH_SEARCH_PATHS = (
					"$(inherited)",
					"@executable_path/../Frameworks",
					"@loader_path/../Frameworks",
				);
				MACOSX_DEPLOYMENT_TARGET = 11.3;
				PRODUCT_BUNDLE_IDENTIFIER = "com.test.Tests-macOS";
				PRODUCT_NAME = "$(TARGET_NAME)";
				SDKROOT = macosx;
				SWIFT_VERSION = 5.0;
				TEST_TARGET_NAME = "Scrumdinger (macOS)";
			};
			name = Debug;
		};
		5A750B3D26C5C0B000459C26 /* Release */ = {
			isa = XCBuildConfiguration;
			buildSettings = {
				ALWAYS_EMBED_SWIFT_STANDARD_LIBRARIES = YES;
				CODE_SIGN_STYLE = Automatic;
				COMBINE_HIDPI_IMAGES = YES;
				INFOPLIST_FILE = "Tests macOS/Info.plist";
				LD_RUNPATH_SEARCH_PATHS = (
					"$(inherited)",
					"@executable_path/../Frameworks",
					"@loader_path/../Frameworks",
				);
				MACOSX_DEPLOYMENT_TARGET = 11.3;
				PRODUCT_BUNDLE_IDENTIFIER = "com.test.Tests-macOS";
				PRODUCT_NAME = "$(TARGET_NAME)";
				SDKROOT = macosx;
				SWIFT_VERSION = 5.0;
				TEST_TARGET_NAME = "Scrumdinger (macOS)";
			};
			name = Release;
		};
/* End XCBuildConfiguration section */

/* Begin XCConfigurationList section */
		5A750AFF26C5C0AE00459C26 /* Build configuration list for PBXProject "Scrumdinger" */ = {
			isa = XCConfigurationList;
			buildConfigurations = (
				5A750B3026C5C0B000459C26 /* Debug */,
				5A750B3126C5C0B000459C26 /* Release */,
			);
			defaultConfigurationIsVisible = 0;
			defaultConfigurationName = Release;
		};
		5A750B3226C5C0B000459C26 /* Build configuration list for PBXNativeTarget "Scrumdinger (iOS)" */ = {
			isa = XCConfigurationList;
			buildConfigurations = (
				5A750B3326C5C0B000459C26 /* Debug */,
				5A750B3426C5C0B000459C26 /* Release */,
			);
			defaultConfigurationIsVisible = 0;
			defaultConfigurationName = Release;
		};
		5A750B3526C5C0B000459C26 /* Build configuration list for PBXNativeTarget "Scrumdinger (macOS)" */ = {
			isa = XCConfigurationList;
			buildConfigurations = (
				5A750B3626C5C0B000459C26 /* Debug */,
				5A750B3726C5C0B000459C26 /* Release */,
			);
			defaultConfigurationIsVisible = 0;
			defaultConfigurationName = Release;
		};
		5A750B3826C5C0B000459C26 /* Build configuration list for PBXNativeTarget "Tests iOS" */ = {
			isa = XCConfigurationList;
			buildConfigurations = (
				5A750B3926C5C0B000459C26 /* Debug */,
				5A750B3A26C5C0B000459C26 /* Release */,
			);
			defaultConfigurationIsVisible = 0;
			defaultConfigurationName = Release;
		};
		5A750B3B26C5C0B000459C26 /* Build configuration list for PBXNativeTarget "Tests macOS" */ = {
			isa = XCConfigurationList;
			buildConfigurations = (
				5A750B3C26C5C0B000459C26 /* Debug */,
				5A750B3D26C5C0B000459C26 /* Release */,
			);
			defaultConfigurationIsVisible = 0;
			defaultConfigurationName = Release;
		};
/* End XCConfigurationList section */
	};
	rootObject = 5A750AFC26C5C0AE00459C26 /* Project object */;
}
